
Microsoft Visual Studio Solution File, Format Version 12.00
# Visual Studio 15
VisualStudioVersion = 15.0.28307.1778
MinimumVisualStudioVersion = 10.0.40219.1
Project("{FAE04EC0-301F-11D3-BF4B-00C04F79EFBC}") = "pr25", "pr25\pr25.csproj", "{EF337FB3-14A9-485F-806A-9EFB36FEA55C}"
EndProject
Global
	GlobalSection(SolutionConfigurationPlatforms) = preSolution
		Debug|Any CPU = Debug|Any CPU
		Release|Any CPU = Release|Any CPU
	EndGlobalSection
	GlobalSection(ProjectConfigurationPlatforms) = postSolution
		{EF337FB3-14A9-485F-806A-9EFB36FEA55C}.Debug|Any CPU.ActiveCfg = Debug|Any CPU
		{EF337FB3-14A9-485F-806A-9EFB36FEA55C}.Debug|Any CPU.Build.0 = Debug|Any CPU
		{EF337FB3-14A9-485F-806A-9EFB36FEA55C}.Release|Any CPU.ActiveCfg = Release|Any CPU
		{EF337FB3-14A9-485F-806A-9EFB36FEA55C}.Release|Any CPU.Build.0 = Release|Any CPU
	EndGlobalSection
	GlobalSection(SolutionProperties) = preSolution
		HideSolutionNode = FALSE
	EndGlobalSection
	GlobalSection(ExtensibilityGlobals) = postSolution
		SolutionGuid = {D68244D4-52A3-459F-A300-F2D75F2CB229}
	EndGlobalSection
EndGlobal
