
Microsoft Visual Studio Solution File, Format Version 12.00
# Visual Studio 15
VisualStudioVersion = 15.0.28307.1778
MinimumVisualStudioVersion = 10.0.40219.1
Project("{FAE04EC0-301F-11D3-BF4B-00C04F79EFBC}") = "PR18Avdeev", "PR18Avdeev\PR18Avdeev.csproj", "{9FF16E24-8A74-4928-B27B-B30D667094E0}"
EndProject
Global
	GlobalSection(SolutionConfigurationPlatforms) = preSolution
		Debug|Any CPU = Debug|Any CPU
		Release|Any CPU = Release|Any CPU
	EndGlobalSection
	GlobalSection(ProjectConfigurationPlatforms) = postSolution
		{9FF16E24-8A74-4928-B27B-B30D667094E0}.Debug|Any CPU.ActiveCfg = Debug|Any CPU
		{9FF16E24-8A74-4928-B27B-B30D667094E0}.Debug|Any CPU.Build.0 = Debug|Any CPU
		{9FF16E24-8A74-4928-B27B-B30D667094E0}.Release|Any CPU.ActiveCfg = Release|Any CPU
		{9FF16E24-8A74-4928-B27B-B30D667094E0}.Release|Any CPU.Build.0 = Release|Any CPU
	EndGlobalSection
	GlobalSection(SolutionProperties) = preSolution
		HideSolutionNode = FALSE
	EndGlobalSection
	GlobalSection(ExtensibilityGlobals) = postSolution
		SolutionGuid = {CB46589D-A963-44F7-8D47-367B79180D0D}
	EndGlobalSection
EndGlobal
