
Microsoft Visual Studio Solution File, Format Version 12.00
# Visual Studio 15
VisualStudioVersion = 15.0.28307.1778
MinimumVisualStudioVersion = 10.0.40219.1
Project("{FAE04EC0-301F-11D3-BF4B-00C04F79EFBC}") = "pr 18 MAX", "pr 18 MAX\pr 18 MAX.csproj", "{D043AB10-CF04-4A28-A264-67D4B723D1C0}"
EndProject
Global
	GlobalSection(SolutionConfigurationPlatforms) = preSolution
		Debug|Any CPU = Debug|Any CPU
		Release|Any CPU = Release|Any CPU
	EndGlobalSection
	GlobalSection(ProjectConfigurationPlatforms) = postSolution
		{D043AB10-CF04-4A28-A264-67D4B723D1C0}.Debug|Any CPU.ActiveCfg = Debug|Any CPU
		{D043AB10-CF04-4A28-A264-67D4B723D1C0}.Debug|Any CPU.Build.0 = Debug|Any CPU
		{D043AB10-CF04-4A28-A264-67D4B723D1C0}.Release|Any CPU.ActiveCfg = Release|Any CPU
		{D043AB10-CF04-4A28-A264-67D4B723D1C0}.Release|Any CPU.Build.0 = Release|Any CPU
	EndGlobalSection
	GlobalSection(SolutionProperties) = preSolution
		HideSolutionNode = FALSE
	EndGlobalSection
	GlobalSection(ExtensibilityGlobals) = postSolution
		SolutionGuid = {717108A6-F58A-49C2-8351-DDA1D45C916E}
	EndGlobalSection
EndGlobal
