
Microsoft Visual Studio Solution File, Format Version 12.00
# Visual Studio 15
VisualStudioVersion = 15.0.28307.1778
MinimumVisualStudioVersion = 10.0.40219.1
Project("{FAE04EC0-301F-11D3-BF4B-00C04F79EFBC}") = "pr15", "pr15\pr15.csproj", "{90DD2BD3-3C46-4F6B-AD98-712C47FE2593}"
EndProject
Global
	GlobalSection(SolutionConfigurationPlatforms) = preSolution
		Debug|Any CPU = Debug|Any CPU
		Release|Any CPU = Release|Any CPU
	EndGlobalSection
	GlobalSection(ProjectConfigurationPlatforms) = postSolution
		{90DD2BD3-3C46-4F6B-AD98-712C47FE2593}.Debug|Any CPU.ActiveCfg = Debug|Any CPU
		{90DD2BD3-3C46-4F6B-AD98-712C47FE2593}.Debug|Any CPU.Build.0 = Debug|Any CPU
		{90DD2BD3-3C46-4F6B-AD98-712C47FE2593}.Release|Any CPU.ActiveCfg = Release|Any CPU
		{90DD2BD3-3C46-4F6B-AD98-712C47FE2593}.Release|Any CPU.Build.0 = Release|Any CPU
	EndGlobalSection
	GlobalSection(SolutionProperties) = preSolution
		HideSolutionNode = FALSE
	EndGlobalSection
	GlobalSection(ExtensibilityGlobals) = postSolution
		SolutionGuid = {0D53C590-5E72-4478-A2E9-E2E9027034F6}
	EndGlobalSection
EndGlobal
