
Microsoft Visual Studio Solution File, Format Version 12.00
# Visual Studio 15
VisualStudioVersion = 15.0.28307.1778
MinimumVisualStudioVersion = 10.0.40219.1
Project("{FAE04EC0-301F-11D3-BF4B-00C04F79EFBC}") = "pr14", "pr14\pr14.csproj", "{222968BB-6EE1-4F8F-9003-0F3A443D7399}"
EndProject
Global
	GlobalSection(SolutionConfigurationPlatforms) = preSolution
		Debug|Any CPU = Debug|Any CPU
		Release|Any CPU = Release|Any CPU
	EndGlobalSection
	GlobalSection(ProjectConfigurationPlatforms) = postSolution
		{222968BB-6EE1-4F8F-9003-0F3A443D7399}.Debug|Any CPU.ActiveCfg = Debug|Any CPU
		{222968BB-6EE1-4F8F-9003-0F3A443D7399}.Debug|Any CPU.Build.0 = Debug|Any CPU
		{222968BB-6EE1-4F8F-9003-0F3A443D7399}.Release|Any CPU.ActiveCfg = Release|Any CPU
		{222968BB-6EE1-4F8F-9003-0F3A443D7399}.Release|Any CPU.Build.0 = Release|Any CPU
	EndGlobalSection
	GlobalSection(SolutionProperties) = preSolution
		HideSolutionNode = FALSE
	EndGlobalSection
	GlobalSection(ExtensibilityGlobals) = postSolution
		SolutionGuid = {47E43A9B-33AF-42A1-A409-F3A86134660E}
	EndGlobalSection
EndGlobal
