
Microsoft Visual Studio Solution File, Format Version 12.00
# Visual Studio 15
VisualStudioVersion = 15.0.28307.1778
MinimumVisualStudioVersion = 10.0.40219.1
Project("{FAE04EC0-301F-11D3-BF4B-00C04F79EFBC}") = "Pr13", "Pr13\Pr13.csproj", "{46070271-8085-4699-BD7F-CBBF2A6CEFD0}"
EndProject
Global
	GlobalSection(SolutionConfigurationPlatforms) = preSolution
		Debug|Any CPU = Debug|Any CPU
		Release|Any CPU = Release|Any CPU
	EndGlobalSection
	GlobalSection(ProjectConfigurationPlatforms) = postSolution
		{46070271-8085-4699-BD7F-CBBF2A6CEFD0}.Debug|Any CPU.ActiveCfg = Debug|Any CPU
		{46070271-8085-4699-BD7F-CBBF2A6CEFD0}.Debug|Any CPU.Build.0 = Debug|Any CPU
		{46070271-8085-4699-BD7F-CBBF2A6CEFD0}.Release|Any CPU.ActiveCfg = Release|Any CPU
		{46070271-8085-4699-BD7F-CBBF2A6CEFD0}.Release|Any CPU.Build.0 = Release|Any CPU
	EndGlobalSection
	GlobalSection(SolutionProperties) = preSolution
		HideSolutionNode = FALSE
	EndGlobalSection
	GlobalSection(ExtensibilityGlobals) = postSolution
		SolutionGuid = {0F367577-CACE-4A08-AB6D-19CB85E57F7D}
	EndGlobalSection
EndGlobal
