
Microsoft Visual Studio Solution File, Format Version 12.00
# Visual Studio 15
VisualStudioVersion = 15.0.28307.1778
MinimumVisualStudioVersion = 10.0.40219.1
Project("{FAE04EC0-301F-11D3-BF4B-00C04F79EFBC}") = "Pr17Kotenev", "Pr17Kotenev\Pr17Kotenev.csproj", "{AB186DD0-9A75-4A82-966B-BD63A2BB9CA3}"
EndProject
Global
	GlobalSection(SolutionConfigurationPlatforms) = preSolution
		Debug|Any CPU = Debug|Any CPU
		Release|Any CPU = Release|Any CPU
	EndGlobalSection
	GlobalSection(ProjectConfigurationPlatforms) = postSolution
		{AB186DD0-9A75-4A82-966B-BD63A2BB9CA3}.Debug|Any CPU.ActiveCfg = Debug|Any CPU
		{AB186DD0-9A75-4A82-966B-BD63A2BB9CA3}.Debug|Any CPU.Build.0 = Debug|Any CPU
		{AB186DD0-9A75-4A82-966B-BD63A2BB9CA3}.Release|Any CPU.ActiveCfg = Release|Any CPU
		{AB186DD0-9A75-4A82-966B-BD63A2BB9CA3}.Release|Any CPU.Build.0 = Release|Any CPU
	EndGlobalSection
	GlobalSection(SolutionProperties) = preSolution
		HideSolutionNode = FALSE
	EndGlobalSection
	GlobalSection(ExtensibilityGlobals) = postSolution
		SolutionGuid = {BC650B73-7057-4536-AD63-37173B0454E9}
	EndGlobalSection
EndGlobal
