
Microsoft Visual Studio Solution File, Format Version 12.00
# Visual Studio 15
VisualStudioVersion = 15.0.28307.1778
MinimumVisualStudioVersion = 10.0.40219.1
Project("{FAE04EC0-301F-11D3-BF4B-00C04F79EFBC}") = "pr17", "pr17\pr17.csproj", "{EB54ED1C-1AEC-4B33-9C1C-C55E4A4B7402}"
EndProject
Global
	GlobalSection(SolutionConfigurationPlatforms) = preSolution
		Debug|Any CPU = Debug|Any CPU
		Release|Any CPU = Release|Any CPU
	EndGlobalSection
	GlobalSection(ProjectConfigurationPlatforms) = postSolution
		{EB54ED1C-1AEC-4B33-9C1C-C55E4A4B7402}.Debug|Any CPU.ActiveCfg = Debug|Any CPU
		{EB54ED1C-1AEC-4B33-9C1C-C55E4A4B7402}.Debug|Any CPU.Build.0 = Debug|Any CPU
		{EB54ED1C-1AEC-4B33-9C1C-C55E4A4B7402}.Release|Any CPU.ActiveCfg = Release|Any CPU
		{EB54ED1C-1AEC-4B33-9C1C-C55E4A4B7402}.Release|Any CPU.Build.0 = Release|Any CPU
	EndGlobalSection
	GlobalSection(SolutionProperties) = preSolution
		HideSolutionNode = FALSE
	EndGlobalSection
	GlobalSection(ExtensibilityGlobals) = postSolution
		SolutionGuid = {A8DBB8BD-EBD5-4236-9B09-BC5401F929A5}
	EndGlobalSection
EndGlobal
