
Microsoft Visual Studio Solution File, Format Version 12.00
# Visual Studio 15
VisualStudioVersion = 15.0.28307.1778
MinimumVisualStudioVersion = 10.0.40219.1
Project("{FAE04EC0-301F-11D3-BF4B-00C04F79EFBC}") = "pr4", "pr4\pr4.csproj", "{ADBC3538-556A-45AC-913A-A51B793CC770}"
EndProject
Global
	GlobalSection(SolutionConfigurationPlatforms) = preSolution
		Debug|Any CPU = Debug|Any CPU
		Release|Any CPU = Release|Any CPU
	EndGlobalSection
	GlobalSection(ProjectConfigurationPlatforms) = postSolution
		{ADBC3538-556A-45AC-913A-A51B793CC770}.Debug|Any CPU.ActiveCfg = Debug|Any CPU
		{ADBC3538-556A-45AC-913A-A51B793CC770}.Debug|Any CPU.Build.0 = Debug|Any CPU
		{ADBC3538-556A-45AC-913A-A51B793CC770}.Release|Any CPU.ActiveCfg = Release|Any CPU
		{ADBC3538-556A-45AC-913A-A51B793CC770}.Release|Any CPU.Build.0 = Release|Any CPU
	EndGlobalSection
	GlobalSection(SolutionProperties) = preSolution
		HideSolutionNode = FALSE
	EndGlobalSection
	GlobalSection(ExtensibilityGlobals) = postSolution
		SolutionGuid = {BB2FDFB0-B03B-436C-AA60-45A458A4BC80}
	EndGlobalSection
EndGlobal
